
Microsoft Visual Studio Solution File, Format Version 12.00
# Visual Studio 15
VisualStudioVersion = 15.0.28307.902
MinimumVisualStudioVersion = 10.0.40219.1
Project("{FAE04EC0-301F-11D3-BF4B-00C04F79EFBC}") = "AIPlaysTicTacToe", "AIPlaysTicTacToe\AIPlaysTicTacToe.csproj", "{5A2BF6E2-725E-4953-991D-AD2D8523DF2C}"
EndProject
Global
	GlobalSection(SolutionConfigurationPlatforms) = preSolution
		Debug|Any CPU = Debug|Any CPU
		Release|Any CPU = Release|Any CPU
	EndGlobalSection
	GlobalSection(ProjectConfigurationPlatforms) = postSolution
		{5A2BF6E2-725E-4953-991D-AD2D8523DF2C}.Debug|Any CPU.ActiveCfg = Debug|Any CPU
		{5A2BF6E2-725E-4953-991D-AD2D8523DF2C}.Debug|Any CPU.Build.0 = Debug|Any CPU
		{5A2BF6E2-725E-4953-991D-AD2D8523DF2C}.Release|Any CPU.ActiveCfg = Release|Any CPU
		{5A2BF6E2-725E-4953-991D-AD2D8523DF2C}.Release|Any CPU.Build.0 = Release|Any CPU
	EndGlobalSection
	GlobalSection(SolutionProperties) = preSolution
		HideSolutionNode = FALSE
	EndGlobalSection
	GlobalSection(ExtensibilityGlobals) = postSolution
		SolutionGuid = {D3B0A77B-C2C4-48C9-9F2D-39F5EECF7176}
	EndGlobalSection
EndGlobal
